// !$*UTF8*$!
{
	archiveVersion = 1;
	classes = {
	};
	objectVersion = 50;
	objects = {

/* Begin PBXBuildFile section */
		F51FAEE223717C100092509F /* AppDelegate.swift in Sources */ = {isa = PBXBuildFile; fileRef = F51FAEE123717C100092509F /* AppDelegate.swift */; };
		F51FAEE423717C100092509F /* SceneDelegate.swift in Sources */ = {isa = PBXBuildFile; fileRef = F51FAEE323717C100092509F /* SceneDelegate.swift */; };
		F51FAEE623717C100092509F /* ViewController.swift in Sources */ = {isa = PBXBuildFile; fileRef = F51FAEE523717C100092509F /* ViewController.swift */; };
		F51FAEE923717C100092509F /* Main.storyboard in Resources */ = {isa = PBXBuildFile; fileRef = F51FAEE723717C100092509F /* Main.storyboard */; };
		F51FAEEB23717C170092509F /* Assets.xcassets in Resources */ = {isa = PBXBuildFile; fileRef = F51FAEEA23717C170092509F /* Assets.xcassets */; };
		F51FAEEE23717C170092509F /* LaunchScreen.storyboard in Resources */ = {isa = PBXBuildFile; fileRef = F51FAEEC23717C170092509F /* LaunchScreen.storyboard */; };
		F51FAEF923717C170092509F /* AdressBookListDemoTests.swift in Sources */ = {isa = PBXBuildFile; fileRef = F51FAEF823717C170092509F /* AdressBookListDemoTests.swift */; };
		F51FAF0423717C170092509F /* AdressBookListDemoUITests.swift in Sources */ = {isa = PBXBuildFile; fileRef = F51FAF0323717C170092509F /* AdressBookListDemoUITests.swift */; };
		F51FAF1223717C280092509F /* AddressbookController.swift in Sources */ = {isa = PBXBuildFile; fileRef = F51FAF1123717C280092509F /* AddressbookController.swift */; };
/* End PBXBuildFile section */

/* Begin PBXContainerItemProxy section */
		F51FAEF523717C170092509F /* PBXContainerItemProxy */ = {
			isa = PBXContainerItemProxy;
			containerPortal = F51FAED623717C100092509F /* Project object */;
			proxyType = 1;
			remoteGlobalIDString = F51FAEDD23717C100092509F;
			remoteInfo = AdressBookListDemo;
		};
		F51FAF0023717C170092509F /* PBXContainerItemProxy */ = {
			isa = PBXContainerItemProxy;
			containerPortal = F51FAED623717C100092509F /* Project object */;
			proxyType = 1;
			remoteGlobalIDString = F51FAEDD23717C100092509F;
			remoteInfo = AdressBookListDemo;
		};
/* End PBXContainerItemProxy section */

/* Begin PBXFileReference section */
		F51FAEDE23717C100092509F /* AdressBookListDemo.app */ = {isa = PBXFileReference; explicitFileType = wrapper.application; includeInIndex = 0; path = AdressBookListDemo.app; sourceTree = BUILT_PRODUCTS_DIR; };
		F51FAEE123717C100092509F /* AppDelegate.swift */ = {isa = PBXFileReference; lastKnownFileType = sourcecode.swift; path = AppDelegate.swift; sourceTree = "<group>"; };
		F51FAEE323717C100092509F /* SceneDelegate.swift */ = {isa = PBXFileReference; lastKnownFileType = sourcecode.swift; path = SceneDelegate.swift; sourceTree = "<group>"; };
		F51FAEE523717C100092509F /* ViewController.swift */ = {isa = PBXFileReference; lastKnownFileType = sourcecode.swift; path = ViewController.swift; sourceTree = "<group>"; };
		F51FAEE823717C100092509F /* Base */ = {isa = PBXFileReference; lastKnownFileType = file.storyboard; name = Base; path = Base.lproj/Main.storyboard; sourceTree = "<group>"; };
		F51FAEEA23717C170092509F /* Assets.xcassets */ = {isa = PBXFileReference; lastKnownFileType = folder.assetcatalog; path = Assets.xcassets; sourceTree = "<group>"; };
		F51FAEED23717C170092509F /* Base */ = {isa = PBXFileReference; lastKnownFileType = file.storyboard; name = Base; path = Base.lproj/LaunchScreen.storyboard; sourceTree = "<group>"; };
		F51FAEEF23717C170092509F /* Info.plist */ = {isa = PBXFileReference; lastKnownFileType = text.plist.xml; path = Info.plist; sourceTree = "<group>"; };
		F51FAEF423717C170092509F /* AdressBookListDemoTests.xctest */ = {isa = PBXFileReference; explicitFileType = wrapper.cfbundle; includeInIndex = 0; path = AdressBookListDemoTests.xctest; sourceTree = BUILT_PRODUCTS_DIR; };
		F51FAEF823717C170092509F /* AdressBookListDemoTests.swift */ = {isa = PBXFileReference; lastKnownFileType = sourcecode.swift; path = AdressBookListDemoTests.swift; sourceTree = "<group>"; };
		F51FAEFA23717C170092509F /* Info.plist */ = {isa = PBXFileReference; lastKnownFileType = text.plist.xml; path = Info.plist; sourceTree = "<group>"; };
		F51FAEFF23717C170092509F /* AdressBookListDemoUITests.xctest */ = {isa = PBXFileReference; explicitFileType = wrapper.cfbundle; includeInIndex = 0; path = AdressBookListDemoUITests.xctest; sourceTree = BUILT_PRODUCTS_DIR; };
		F51FAF0323717C170092509F /* AdressBookListDemoUITests.swift */ = {isa = PBXFileReference; lastKnownFileType = sourcecode.swift; path = AdressBookListDemoUITests.swift; sourceTree = "<group>"; };
		F51FAF0523717C170092509F /* Info.plist */ = {isa = PBXFileReference; lastKnownFileType = text.plist.xml; path = Info.plist; sourceTree = "<group>"; };
		F51FAF1123717C280092509F /* AddressbookController.swift */ = {isa = PBXFileReference; fileEncoding = 4; lastKnownFileType = sourcecode.swift; path = AddressbookController.swift; sourceTree = "<group>"; };
/* End PBXFileReference section */

/* Begin PBXFrameworksBuildPhase section */
		F51FAEDB23717C100092509F /* Frameworks */ = {
			isa = PBXFrameworksBuildPhase;
			buildActionMask = 2147483647;
			files = (
			);
			runOnlyForDeploymentPostprocessing = 0;
		};
		F51FAEF123717C170092509F /* Frameworks */ = {
			isa = PBXFrameworksBuildPhase;
			buildActionMask = 2147483647;
			files = (
			);
			runOnlyForDeploymentPostprocessing = 0;
		};
		F51FAEFC23717C170092509F /* Frameworks */ = {
			isa = PBXFrameworksBuildPhase;
			buildActionMask = 2147483647;
			files = (
			);
			runOnlyForDeploymentPostprocessing = 0;
		};
/* End PBXFrameworksBuildPhase section */

/* Begin PBXGroup section */
		F51FAED523717C100092509F = {
			isa = PBXGroup;
			children = (
				F51FAEE023717C100092509F /* AdressBookListDemo */,
				F51FAEF723717C170092509F /* AdressBookListDemoTests */,
				F51FAF0223717C170092509F /* AdressBookListDemoUITests */,
				F51FAEDF23717C100092509F /* Products */,
			);
			sourceTree = "<group>";
		};
		F51FAEDF23717C100092509F /* Products */ = {
			isa = PBXGroup;
			children = (
				F51FAEDE23717C100092509F /* AdressBookListDemo.app */,
				F51FAEF423717C170092509F /* AdressBookListDemoTests.xctest */,
				F51FAEFF23717C170092509F /* AdressBookListDemoUITests.xctest */,
			);
			name = Products;
			sourceTree = "<group>";
		};
		F51FAEE023717C100092509F /* AdressBookListDemo */ = {
			isa = PBXGroup;
			children = (
				F51FAEE123717C100092509F /* AppDelegate.swift */,
				F51FAEE323717C100092509F /* SceneDelegate.swift */,
				F51FAEE523717C100092509F /* ViewController.swift */,
				F51FAF1123717C280092509F /* AddressbookController.swift */,
				F51FAEE723717C100092509F /* Main.storyboard */,
				F51FAEEA23717C170092509F /* Assets.xcassets */,
				F51FAEEC23717C170092509F /* LaunchScreen.storyboard */,
				F51FAEEF23717C170092509F /* Info.plist */,
			);
			path = AdressBookListDemo;
			sourceTree = "<group>";
		};
		F51FAEF723717C170092509F /* AdressBookListDemoTests */ = {
			isa = PBXGroup;
			children = (
				F51FAEF823717C170092509F /* AdressBookListDemoTests.swift */,
				F51FAEFA23717C170092509F /* Info.plist */,
			);
			path = AdressBookListDemoTests;
			sourceTree = "<group>";
		};
		F51FAF0223717C170092509F /* AdressBookListDemoUITests */ = {
			isa = PBXGroup;
			children = (
				F51FAF0323717C170092509F /* AdressBookListDemoUITests.swift */,
				F51FAF0523717C170092509F /* Info.plist */,
			);
			path = AdressBookListDemoUITests;
			sourceTree = "<group>";
		};
/* End PBXGroup section */

/* Begin PBXNativeTarget section */
		F51FAEDD23717C100092509F /* AdressBookListDemo */ = {
			isa = PBXNativeTarget;
			buildConfigurationList = F51FAF0823717C170092509F /* Build configuration list for PBXNativeTarget "AdressBookListDemo" */;
			buildPhases = (
				F51FAEDA23717C100092509F /* Sources */,
				F51FAEDB23717C100092509F /* Frameworks */,
				F51FAEDC23717C100092509F /* Resources */,
			);
			buildRules = (
			);
			dependencies = (
			);
			name = AdressBookListDemo;
			productName = AdressBookListDemo;
			productReference = F51FAEDE23717C100092509F /* AdressBookListDemo.app */;
			productType = "com.apple.product-type.application";
		};
		F51FAEF323717C170092509F /* AdressBookListDemoTests */ = {
			isa = PBXNativeTarget;
			buildConfigurationList = F51FAF0B23717C170092509F /* Build configuration list for PBXNativeTarget "AdressBookListDemoTests" */;
			buildPhases = (
				F51FAEF023717C170092509F /* Sources */,
				F51FAEF123717C170092509F /* Frameworks */,
				F51FAEF223717C170092509F /* Resources */,
			);
			buildRules = (
			);
			dependencies = (
				F51FAEF623717C170092509F /* PBXTargetDependency */,
			);
			name = AdressBookListDemoTests;
			productName = AdressBookListDemoTests;
			productReference = F51FAEF423717C170092509F /* AdressBookListDemoTests.xctest */;
			productType = "com.apple.product-type.bundle.unit-test";
		};
		F51FAEFE23717C170092509F /* AdressBookListDemoUITests */ = {
			isa = PBXNativeTarget;
			buildConfigurationList = F51FAF0E23717C170092509F /* Build configuration list for PBXNativeTarget "AdressBookListDemoUITests" */;
			buildPhases = (
				F51FAEFB23717C170092509F /* Sources */,
				F51FAEFC23717C170092509F /* Frameworks */,
				F51FAEFD23717C170092509F /* Resources */,
			);
			buildRules = (
			);
			dependencies = (
				F51FAF0123717C170092509F /* PBXTargetDependency */,
			);
			name = AdressBookListDemoUITests;
			productName = AdressBookListDemoUITests;
			productReference = F51FAEFF23717C170092509F /* AdressBookListDemoUITests.xctest */;
			productType = "com.apple.product-type.bundle.ui-testing";
		};
/* End PBXNativeTarget section */

/* Begin PBXProject section */
		F51FAED623717C100092509F /* Project object */ = {
			isa = PBXProject;
			attributes = {
				LastSwiftUpdateCheck = 1110;
				LastUpgradeCheck = 1110;
				ORGANIZATIONNAME = "明孔";
				TargetAttributes = {
					F51FAEDD23717C100092509F = {
						CreatedOnToolsVersion = 11.1;
					};
					F51FAEF323717C170092509F = {
						CreatedOnToolsVersion = 11.1;
						TestTargetID = F51FAEDD23717C100092509F;
					};
					F51FAEFE23717C170092509F = {
						CreatedOnToolsVersion = 11.1;
						TestTargetID = F51FAEDD23717C100092509F;
					};
				};
			};
			buildConfigurationList = F51FAED923717C100092509F /* Build configuration list for PBXProject "AdressBookListDemo" */;
			compatibilityVersion = "Xcode 9.3";
			developmentRegion = en;
			hasScannedForEncodings = 0;
			knownRegions = (
				en,
				Base,
			);
			mainGroup = F51FAED523717C100092509F;
			productRefGroup = F51FAEDF23717C100092509F /* Products */;
			projectDirPath = "";
			projectRoot = "";
			targets = (
				F51FAEDD23717C100092509F /* AdressBookListDemo */,
				F51FAEF323717C170092509F /* AdressBookListDemoTests */,
				F51FAEFE23717C170092509F /* AdressBookListDemoUITests */,
			);
		};
/* End PBXProject section */

/* Begin PBXResourcesBuildPhase section */
		F51FAEDC23717C100092509F /* Resources */ = {
			isa = PBXResourcesBuildPhase;
			buildActionMask = 2147483647;
			files = (
				F51FAEEE23717C170092509F /* LaunchScreen.storyboard in Resources */,
				F51FAEEB23717C170092509F /* Assets.xcassets in Resources */,
				F51FAEE923717C100092509F /* Main.storyboard in Resources */,
			);
			runOnlyForDeploymentPostprocessing = 0;
		};
		F51FAEF223717C170092509F /* Resources */ = {
			isa = PBXResourcesBuildPhase;
			buildActionMask = 2147483647;
			files = (
			);
			runOnlyForDeploymentPostprocessing = 0;
		};
		F51FAEFD23717C170092509F /* Resources */ = {
			isa = PBXResourcesBuildPhase;
			buildActionMask = 2147483647;
			files = (
			);
			runOnlyForDeploymentPostprocessing = 0;
		};
/* End PBXResourcesBuildPhase section */

/* Begin PBXSourcesBuildPhase section */
		F51FAEDA23717C100092509F /* Sources */ = {
			isa = PBXSourcesBuildPhase;
			buildActionMask = 2147483647;
			files = (
				F51FAEE623717C100092509F /* ViewController.swift in Sources */,
				F51FAEE223717C100092509F /* AppDelegate.swift in Sources */,
				F51FAEE423717C100092509F /* SceneDelegate.swift in Sources */,
				F51FAF1223717C280092509F /* AddressbookController.swift in Sources */,
			);
			runOnlyForDeploymentPostprocessing = 0;
		};
		F51FAEF023717C170092509F /* Sources */ = {
			isa = PBXSourcesBuildPhase;
			buildActionMask = 2147483647;
			files = (
				F51FAEF923717C170092509F /* AdressBookListDemoTests.swift in Sources */,
			);
			runOnlyForDeploymentPostprocessing = 0;
		};
		F51FAEFB23717C170092509F /* Sources */ = {
			isa = PBXSourcesBuildPhase;
			buildActionMask = 2147483647;
			files = (
				F51FAF0423717C170092509F /* AdressBookListDemoUITests.swift in Sources */,
			);
			runOnlyForDeploymentPostprocessing = 0;
		};
/* End PBXSourcesBuildPhase section */

/* Begin PBXTargetDependency section */
		F51FAEF623717C170092509F /* PBXTargetDependency */ = {
			isa = PBXTargetDependency;
			target = F51FAEDD23717C100092509F /* AdressBookListDemo */;
			targetProxy = F51FAEF523717C170092509F /* PBXContainerItemProxy */;
		};
		F51FAF0123717C170092509F /* PBXTargetDependency */ = {
			isa = PBXTargetDependency;
			target = F51FAEDD23717C100092509F /* AdressBookListDemo */;
			targetProxy = F51FAF0023717C170092509F /* PBXContainerItemProxy */;
		};
/* End PBXTargetDependency section */

/* Begin PBXVariantGroup section */
		F51FAEE723717C100092509F /* Main.storyboard */ = {
			isa = PBXVariantGroup;
			children = (
				F51FAEE823717C100092509F /* Base */,
			);
			name = Main.storyboard;
			sourceTree = "<group>";
		};
		F51FAEEC23717C170092509F /* LaunchScreen.storyboard */ = {
			isa = PBXVariantGroup;
			children = (
				F51FAEED23717C170092509F /* Base */,
			);
			name = LaunchScreen.storyboard;
			sourceTree = "<group>";
		};
/* End PBXVariantGroup section */

/* Begin XCBuildConfiguration section */
		F51FAF0623717C170092509F /* Debug */ = {
			isa = XCBuildConfiguration;
			buildSettings = {
				ALWAYS_SEARCH_USER_PATHS = NO;
				CLANG_ANALYZER_NONNULL = YES;
				CLANG_ANALYZER_NUMBER_OBJECT_CONVERSION = YES_AGGRESSIVE;
				CLANG_CXX_LANGUAGE_STANDARD = "gnu++14";
				CLANG_CXX_LIBRARY = "libc++";
				CLANG_ENABLE_MODULES = YES;
				CLANG_ENABLE_OBJC_ARC = YES;
				CLANG_ENABLE_OBJC_WEAK = YES;
				CLANG_WARN_BLOCK_CAPTURE_AUTORELEASING = YES;
				CLANG_WARN_BOOL_CONVERSION = YES;
				CLANG_WARN_COMMA = YES;
				CLANG_WARN_CONSTANT_CONVERSION = YES;
				CLANG_WARN_DEPRECATED_OBJC_IMPLEMENTATIONS = YES;
				CLANG_WARN_DIRECT_OBJC_ISA_USAGE = YES_ERROR;
				CLANG_WARN_DOCUMENTATION_COMMENTS = YES;
				CLANG_WARN_EMPTY_BODY = YES;
				CLANG_WARN_ENUM_CONVERSION = YES;
				CLANG_WARN_INFINITE_RECURSION = YES;
				CLANG_WARN_INT_CONVERSION = YES;
				CLANG_WARN_NON_LITERAL_NULL_CONVERSION = YES;
				CLANG_WARN_OBJC_IMPLICIT_RETAIN_SELF = YES;
				CLANG_WARN_OBJC_LITERAL_CONVERSION = YES;
				CLANG_WARN_OBJC_ROOT_CLASS = YES_ERROR;
				CLANG_WARN_RANGE_LOOP_ANALYSIS = YES;
				CLANG_WARN_STRICT_PROTOTYPES = YES;
				CLANG_WARN_SUSPICIOUS_MOVE = YES;
				CLANG_WARN_UNGUARDED_AVAILABILITY = YES_AGGRESSIVE;
				CLANG_WARN_UNREACHABLE_CODE = YES;
				CLANG_WARN__DUPLICATE_METHOD_MATCH = YES;
				COPY_PHASE_STRIP = NO;
				DEBUG_INFORMATION_FORMAT = dwarf;
				ENABLE_STRICT_OBJC_MSGSEND = YES;
				ENABLE_TESTABILITY = YES;
				GCC_C_LANGUAGE_STANDARD = gnu11;
				GCC_DYNAMIC_NO_PIC = NO;
				GCC_NO_COMMON_BLOCKS = YES;
				GCC_OPTIMIZATION_LEVEL = 0;
				GCC_PREPROCESSOR_DEFINITIONS = (
					"DEBUG=1",
					"$(inherited)",
				);
				GCC_WARN_64_TO_32_BIT_CONVERSION = YES;
				GCC_WARN_ABOUT_RETURN_TYPE = YES_ERROR;
				GCC_WARN_UNDECLARED_SELECTOR = YES;
				GCC_WARN_UNINITIALIZED_AUTOS = YES_AGGRESSIVE;
				GCC_WARN_UNUSED_FUNCTION = YES;
				GCC_WARN_UNUSED_VARIABLE = YES;
				IPHONEOS_DEPLOYMENT_TARGET = 13.1;
				MTL_ENABLE_DEBUG_INFO = INCLUDE_SOURCE;
				MTL_FAST_MATH = YES;
				ONLY_ACTIVE_ARCH = YES;
				SDKROOT = iphoneos;
				SWIFT_ACTIVE_COMPILATION_CONDITIONS = DEBUG;
				SWIFT_OPTIMIZATION_LEVEL = "-Onone";
			};
			name = Debug;
		};
		F51FAF0723717C170092509F /* Release */ = {
			isa = XCBuildConfiguration;
			buildSettings = {
				ALWAYS_SEARCH_USER_PATHS = NO;
				CLANG_ANALYZER_NONNULL = YES;
				CLANG_ANALYZER_NUMBER_OBJECT_CONVERSION = YES_AGGRESSIVE;
				CLANG_CXX_LANGUAGE_STANDARD = "gnu++14";
				CLANG_CXX_LIBRARY = "libc++";
				CLANG_ENABLE_MODULES = YES;
				CLANG_ENABLE_OBJC_ARC = YES;
				CLANG_ENABLE_OBJC_WEAK = YES;
				CLANG_WARN_BLOCK_CAPTURE_AUTORELEASING = YES;
				CLANG_WARN_BOOL_CONVERSION = YES;
				CLANG_WARN_COMMA = YES;
				CLANG_WARN_CONSTANT_CONVERSION = YES;
				CLANG_WARN_DEPRECATED_OBJC_IMPLEMENTATIONS = YES;
				CLANG_WARN_DIRECT_OBJC_ISA_USAGE = YES_ERROR;
				CLANG_WARN_DOCUMENTATION_COMMENTS = YES;
				CLANG_WARN_EMPTY_BODY = YES;
				CLANG_WARN_ENUM_CONVERSION = YES;
				CLANG_WARN_INFINITE_RECURSION = YES;
				CLANG_WARN_INT_CONVERSION = YES;
				CLANG_WARN_NON_LITERAL_NULL_CONVERSION = YES;
				CLANG_WARN_OBJC_IMPLICIT_RETAIN_SELF = YES;
				CLANG_WARN_OBJC_LITERAL_CONVERSION = YES;
				CLANG_WARN_OBJC_ROOT_CLASS = YES_ERROR;
				CLANG_WARN_RANGE_LOOP_ANALYSIS = YES;
				CLANG_WARN_STRICT_PROTOTYPES = YES;
				CLANG_WARN_SUSPICIOUS_MOVE = YES;
				CLANG_WARN_UNGUARDED_AVAILABILITY = YES_AGGRESSIVE;
				CLANG_WARN_UNREACHABLE_CODE = YES;
				CLANG_WARN__DUPLICATE_METHOD_MATCH = YES;
				COPY_PHASE_STRIP = NO;
				DEBUG_INFORMATION_FORMAT = "dwarf-with-dsym";
				ENABLE_NS_ASSERTIONS = NO;
				ENABLE_STRICT_OBJC_MSGSEND = YES;
				GCC_C_LANGUAGE_STANDARD = gnu11;
				GCC_NO_COMMON_BLOCKS = YES;
				GCC_WARN_64_TO_32_BIT_CONVERSION = YES;
				GCC_WARN_ABOUT_RETURN_TYPE = YES_ERROR;
				GCC_WARN_UNDECLARED_SELECTOR = YES;
				GCC_WARN_UNINITIALIZED_AUTOS = YES_AGGRESSIVE;
				GCC_WARN_UNUSED_FUNCTION = YES;
				GCC_WARN_UNUSED_VARIABLE = YES;
				IPHONEOS_DEPLOYMENT_TARGET = 13.1;
				MTL_ENABLE_DEBUG_INFO = NO;
				MTL_FAST_MATH = YES;
				SDKROOT = iphoneos;
				SWIFT_COMPILATION_MODE = wholemodule;
				SWIFT_OPTIMIZATION_LEVEL = "-O";
				VALIDATE_PRODUCT = YES;
			};
			name = Release;
		};
		F51FAF0923717C170092509F /* Debug */ = {
			isa = XCBuildConfiguration;
			buildSettings = {
				ASSETCATALOG_COMPILER_APPICON_NAME = AppIcon;
				CODE_SIGN_STYLE = Automatic;
				INFOPLIST_FILE = AdressBookListDemo/Info.plist;
				LD_RUNPATH_SEARCH_PATHS = (
					"$(inherited)",
					"@executable_path/Frameworks",
				);
				PRODUCT_BUNDLE_IDENTIFIER = Hope.AdressBookListDemo;
				PRODUCT_NAME = "$(TARGET_NAME)";
				SWIFT_VERSION = 5.0;
				TARGETED_DEVICE_FAMILY = "1,2";
			};
			name = Debug;
		};
		F51FAF0A23717C170092509F /* Release */ = {
			isa = XCBuildConfiguration;
			buildSettings = {
				ASSETCATALOG_COMPILER_APPICON_NAME = AppIcon;
				CODE_SIGN_STYLE = Automatic;
				INFOPLIST_FILE = AdressBookListDemo/Info.plist;
				LD_RUNPATH_SEARCH_PATHS = (
					"$(inherited)",
					"@executable_path/Frameworks",
				);
				PRODUCT_BUNDLE_IDENTIFIER = Hope.AdressBookListDemo;
				PRODUCT_NAME = "$(TARGET_NAME)";
				SWIFT_VERSION = 5.0;
				TARGETED_DEVICE_FAMILY = "1,2";
			};
			name = Release;
		};
		F51FAF0C23717C170092509F /* Debug */ = {
			isa = XCBuildConfiguration;
			buildSettings = {
				ALWAYS_EMBED_SWIFT_STANDARD_LIBRARIES = YES;
				BUNDLE_LOADER = "$(TEST_HOST)";
				CODE_SIGN_STYLE = Automatic;
				INFOPLIST_FILE = AdressBookListDemoTests/Info.plist;
				IPHONEOS_DEPLOYMENT_TARGET = 13.1;
				LD_RUNPATH_SEARCH_PATHS = (
					"$(inherited)",
					"@executable_path/Frameworks",
					"@loader_path/Frameworks",
				);
				PRODUCT_BUNDLE_IDENTIFIER = Hope.AdressBookListDemoTests;
				PRODUCT_NAME = "$(TARGET_NAME)";
				SWIFT_VERSION = 5.0;
				TARGETED_DEVICE_FAMILY = "1,2";
				TEST_HOST = "$(BUILT_PRODUCTS_DIR)/AdressBookListDemo.app/AdressBookListDemo";
			};
			name = Debug;
		};
		F51FAF0D23717C170092509F /* Release */ = {
			isa = XCBuildConfiguration;
			buildSettings = {
				ALWAYS_EMBED_SWIFT_STANDARD_LIBRARIES = YES;
				BUNDLE_LOADER = "$(TEST_HOST)";
				CODE_SIGN_STYLE = Automatic;
				INFOPLIST_FILE = AdressBookListDemoTests/Info.plist;
				IPHONEOS_DEPLOYMENT_TARGET = 13.1;
				LD_RUNPATH_SEARCH_PATHS = (
					"$(inherited)",
					"@executable_path/Frameworks",
					"@loader_path/Frameworks",
				);
				PRODUCT_BUNDLE_IDENTIFIER = Hope.AdressBookListDemoTests;
				PRODUCT_NAME = "$(TARGET_NAME)";
				SWIFT_VERSION = 5.0;
				TARGETED_DEVICE_FAMILY = "1,2";
				TEST_HOST = "$(BUILT_PRODUCTS_DIR)/AdressBookListDemo.app/AdressBookListDemo";
			};
			name = Release;
		};
		F51FAF0F23717C170092509F /* Debug */ = {
			isa = XCBuildConfiguration;
			buildSettings = {
				ALWAYS_EMBED_SWIFT_STANDARD_LIBRARIES = YES;
				CODE_SIGN_STYLE = Automatic;
				INFOPLIST_FILE = AdressBookListDemoUITests/Info.plist;
				LD_RUNPATH_SEARCH_PATHS = (
					"$(inherited)",
					"@executable_path/Frameworks",
					"@loader_path/Frameworks",
				);
				PRODUCT_BUNDLE_IDENTIFIER = Hope.AdressBookListDemoUITests;
				PRODUCT_NAME = "$(TARGET_NAME)";
				SWIFT_VERSION = 5.0;
				TARGETED_DEVICE_FAMILY = "1,2";
				TEST_TARGET_NAME = AdressBookListDemo;
			};
			name = Debug;
		};
		F51FAF1023717C170092509F /* Release */ = {
			isa = XCBuildConfiguration;
			buildSettings = {
				ALWAYS_EMBED_SWIFT_STANDARD_LIBRARIES = YES;
				CODE_SIGN_STYLE = Automatic;
				INFOPLIST_FILE = AdressBookListDemoUITests/Info.plist;
				LD_RUNPATH_SEARCH_PATHS = (
					"$(inherited)",
					"@executable_path/Frameworks",
					"@loader_path/Frameworks",
				);
				PRODUCT_BUNDLE_IDENTIFIER = Hope.AdressBookListDemoUITests;
				PRODUCT_NAME = "$(TARGET_NAME)";
				SWIFT_VERSION = 5.0;
				TARGETED_DEVICE_FAMILY = "1,2";
				TEST_TARGET_NAME = AdressBookListDemo;
			};
			name = Release;
		};
/* End XCBuildConfiguration section */

/* Begin XCConfigurationList section */
		F51FAED923717C100092509F /* Build configuration list for PBXProject "AdressBookListDemo" */ = {
			isa = XCConfigurationList;
			buildConfigurations = (
				F51FAF0623717C170092509F /* Debug */,
				F51FAF0723717C170092509F /* Release */,
			);
			defaultConfigurationIsVisible = 0;
			defaultConfigurationName = Release;
		};
		F51FAF0823717C170092509F /* Build configuration list for PBXNativeTarget "AdressBookListDemo" */ = {
			isa = XCConfigurationList;
			buildConfigurations = (
				F51FAF0923717C170092509F /* Debug */,
				F51FAF0A23717C170092509F /* Release */,
			);
			defaultConfigurationIsVisible = 0;
			defaultConfigurationName = Release;
		};
		F51FAF0B23717C170092509F /* Build configuration list for PBXNativeTarget "AdressBookListDemoTests" */ = {
			isa = XCConfigurationList;
			buildConfigurations = (
				F51FAF0C23717C170092509F /* Debug */,
				F51FAF0D23717C170092509F /* Release */,
			);
			defaultConfigurationIsVisible = 0;
			defaultConfigurationName = Release;
		};
		F51FAF0E23717C170092509F /* Build configuration list for PBXNativeTarget "AdressBookListDemoUITests" */ = {
			isa = XCConfigurationList;
			buildConfigurations = (
				F51FAF0F23717C170092509F /* Debug */,
				F51FAF1023717C170092509F /* Release */,
			);
			defaultConfigurationIsVisible = 0;
			defaultConfigurationName = Release;
		};
/* End XCConfigurationList section */
	};
	rootObject = F51FAED623717C100092509F /* Project object */;
}
